
Microsoft Visual Studio Solution File, Format Version 12.00
# Visual Studio 15
Project("{FAE04EC0-301F-11D3-BF4B-00C04F79EFBC}") = "Assembly-CSharp-firstpass", "Assembly-CSharp-firstpass.csproj", "{41D181E3-47EF-217E-37BA-A6CCF4AB6952}"
EndProject
Project("{FAE04EC0-301F-11D3-BF4B-00C04F79EFBC}") = "Assembly-CSharp", "Assembly-CSharp.csproj", "{51CC79D1-96C9-A2B1-A28F-F6ABFEFEC13A}"
EndProject
Project("{FAE04EC0-301F-11D3-BF4B-00C04F79EFBC}") = "Assembly-CSharp-Editor-firstpass", "Assembly-CSharp-Editor-firstpass.csproj", "{A97FFE2F-5CD1-211D-83B0-6A47A2D0ECC8}"
EndProject
Global
	GlobalSection(SolutionConfigurationPlatforms) = preSolution
		Debug|Any CPU = Debug|Any CPU
		Release|Any CPU = Release|Any CPU
	EndGlobalSection
	GlobalSection(ProjectConfigurationPlatforms) = postSolution
		{41D181E3-47EF-217E-37BA-A6CCF4AB6952}.Debug|Any CPU.ActiveCfg = Debug|Any CPU
		{41D181E3-47EF-217E-37BA-A6CCF4AB6952}.Debug|Any CPU.Build.0 = Debug|Any CPU
		{41D181E3-47EF-217E-37BA-A6CCF4AB6952}.Release|Any CPU.ActiveCfg = Release|Any CPU
		{41D181E3-47EF-217E-37BA-A6CCF4AB6952}.Release|Any CPU.Build.0 = Release|Any CPU
		{51CC79D1-96C9-A2B1-A28F-F6ABFEFEC13A}.Debug|Any CPU.ActiveCfg = Debug|Any CPU
		{51CC79D1-96C9-A2B1-A28F-F6ABFEFEC13A}.Debug|Any CPU.Build.0 = Debug|Any CPU
		{51CC79D1-96C9-A2B1-A28F-F6ABFEFEC13A}.Release|Any CPU.ActiveCfg = Release|Any CPU
		{51CC79D1-96C9-A2B1-A28F-F6ABFEFEC13A}.Release|Any CPU.Build.0 = Release|Any CPU
		{A97FFE2F-5CD1-211D-83B0-6A47A2D0ECC8}.Debug|Any CPU.ActiveCfg = Debug|Any CPU
		{A97FFE2F-5CD1-211D-83B0-6A47A2D0ECC8}.Debug|Any CPU.Build.0 = Debug|Any CPU
		{A97FFE2F-5CD1-211D-83B0-6A47A2D0ECC8}.Release|Any CPU.ActiveCfg = Release|Any CPU
		{A97FFE2F-5CD1-211D-83B0-6A47A2D0ECC8}.Release|Any CPU.Build.0 = Release|Any CPU
	EndGlobalSection
	GlobalSection(SolutionProperties) = preSolution
		HideSolutionNode = FALSE
	EndGlobalSection
EndGlobal
